# THIS IS AN AUTOGENERATED FILE. DO NOT EDIT THIS FILE DIRECTLY.
# yarn lockfile v1


"@esbuild/aix-ppc64@0.21.5":
  version "0.21.5"
  resolved "https://registry.yarnpkg.com/@esbuild/aix-ppc64/-/aix-ppc64-0.21.5.tgz#c7184a326533fcdf1b8ee0733e21c713b975575f"
  integrity sha512-1SDgH6ZSPTlggy1yI6+Dbkiz8xzpHJEVAlF/AM1tHPLsf5STom9rwtjE4hKAF20FfXXNTFqEYXyJNWh1GiZedQ==

"@esbuild/aix-ppc64@0.23.1":
  version "0.23.1"
  resolved "https://registry.yarnpkg.com/@esbuild/aix-ppc64/-/aix-ppc64-0.23.1.tgz#51299374de171dbd80bb7d838e1cfce9af36f353"
  integrity sha512-6VhYk1diRqrhBAqpJEdjASR/+WVRtfjpqKuNw11cLiaWpAT/Uu+nokB+UJnevzy/P9C/ty6AOe0dwueMrGh/iQ==

"@esbuild/android-arm64@0.21.5":
  version "0.21.5"
  resolved "https://registry.yarnpkg.com/@esbuild/android-arm64/-/android-arm64-0.21.5.tgz#09d9b4357780da9ea3a7dfb833a1f1ff439b4052"
  integrity sha512-c0uX9VAUBQ7dTDCjq+wdyGLowMdtR/GoC2U5IYk/7D1H1JYC0qseD7+11iMP2mRLN9RcCMRcjC4YMclCzGwS/A==

"@esbuild/android-arm64@0.23.1":
  version "0.23.1"
  resolved "https://registry.yarnpkg.com/@esbuild/android-arm64/-/android-arm64-0.23.1.tgz#58565291a1fe548638adb9c584237449e5e14018"
  integrity sha512-xw50ipykXcLstLeWH7WRdQuysJqejuAGPd30vd1i5zSyKK3WE+ijzHmLKxdiCMtH1pHz78rOg0BKSYOSB/2Khw==

"@esbuild/android-arm@0.21.5":
  version "0.21.5"
  resolved "https://registry.yarnpkg.com/@esbuild/android-arm/-/android-arm-0.21.5.tgz#9b04384fb771926dfa6d7ad04324ecb2ab9b2e28"
  integrity sha512-vCPvzSjpPHEi1siZdlvAlsPxXl7WbOVUBBAowWug4rJHb68Ox8KualB+1ocNvT5fjv6wpkX6o/iEpbDrf68zcg==

"@esbuild/android-arm@0.23.1":
  version "0.23.1"
  resolved "https://registry.yarnpkg.com/@esbuild/android-arm/-/android-arm-0.23.1.tgz#5eb8c652d4c82a2421e3395b808e6d9c42c862ee"
  integrity sha512-uz6/tEy2IFm9RYOyvKl88zdzZfwEfKZmnX9Cj1BHjeSGNuGLuMD1kR8y5bteYmwqKm1tj8m4cb/aKEorr6fHWQ==

"@esbuild/android-x64@0.21.5":
  version "0.21.5"
  resolved "https://registry.yarnpkg.com/@esbuild/android-x64/-/android-x64-0.21.5.tgz#29918ec2db754cedcb6c1b04de8cd6547af6461e"
  integrity sha512-D7aPRUUNHRBwHxzxRvp856rjUHRFW1SdQATKXH2hqA0kAZb1hKmi02OpYRacl0TxIGz/ZmXWlbZgjwWYaCakTA==

"@esbuild/android-x64@0.23.1":
  version "0.23.1"
  resolved "https://registry.yarnpkg.com/@esbuild/android-x64/-/android-x64-0.23.1.tgz#ae19d665d2f06f0f48a6ac9a224b3f672e65d517"
  integrity sha512-nlN9B69St9BwUoB+jkyU090bru8L0NA3yFvAd7k8dNsVH8bi9a8cUAUSEcEEgTp2z3dbEDGJGfP6VUnkQnlReg==

"@esbuild/darwin-arm64@0.21.5":
  version "0.21.5"
  resolved "https://registry.yarnpkg.com/@esbuild/darwin-arm64/-/darwin-arm64-0.21.5.tgz#e495b539660e51690f3928af50a76fb0a6ccff2a"
  integrity sha512-DwqXqZyuk5AiWWf3UfLiRDJ5EDd49zg6O9wclZ7kUMv2WRFr4HKjXp/5t8JZ11QbQfUS6/cRCKGwYhtNAY88kQ==

"@esbuild/darwin-arm64@0.23.1":
  version "0.23.1"
  resolved "https://registry.yarnpkg.com/@esbuild/darwin-arm64/-/darwin-arm64-0.23.1.tgz#05b17f91a87e557b468a9c75e9d85ab10c121b16"
  integrity sha512-YsS2e3Wtgnw7Wq53XXBLcV6JhRsEq8hkfg91ESVadIrzr9wO6jJDMZnCQbHm1Guc5t/CdDiFSSfWP58FNuvT3Q==

"@esbuild/darwin-x64@0.21.5":
  version "0.21.5"
  resolved "https://registry.yarnpkg.com/@esbuild/darwin-x64/-/darwin-x64-0.21.5.tgz#c13838fa57372839abdddc91d71542ceea2e1e22"
  integrity sha512-se/JjF8NlmKVG4kNIuyWMV/22ZaerB+qaSi5MdrXtd6R08kvs2qCN4C09miupktDitvh8jRFflwGFBQcxZRjbw==

"@esbuild/darwin-x64@0.23.1":
  version "0.23.1"
  resolved "https://registry.yarnpkg.com/@esbuild/darwin-x64/-/darwin-x64-0.23.1.tgz#c58353b982f4e04f0d022284b8ba2733f5ff0931"
  integrity sha512-aClqdgTDVPSEGgoCS8QDG37Gu8yc9lTHNAQlsztQ6ENetKEO//b8y31MMu2ZaPbn4kVsIABzVLXYLhCGekGDqw==

"@esbuild/freebsd-arm64@0.21.5":
  version "0.21.5"
  resolved "https://registry.yarnpkg.com/@esbuild/freebsd-arm64/-/freebsd-arm64-0.21.5.tgz#646b989aa20bf89fd071dd5dbfad69a3542e550e"
  integrity sha512-5JcRxxRDUJLX8JXp/wcBCy3pENnCgBR9bN6JsY4OmhfUtIHe3ZW0mawA7+RDAcMLrMIZaf03NlQiX9DGyB8h4g==

"@esbuild/freebsd-arm64@0.23.1":
  version "0.23.1"
  resolved "https://registry.yarnpkg.com/@esbuild/freebsd-arm64/-/freebsd-arm64-0.23.1.tgz#f9220dc65f80f03635e1ef96cfad5da1f446f3bc"
  integrity sha512-h1k6yS8/pN/NHlMl5+v4XPfikhJulk4G+tKGFIOwURBSFzE8bixw1ebjluLOjfwtLqY0kewfjLSrO6tN2MgIhA==

"@esbuild/freebsd-x64@0.21.5":
  version "0.21.5"
  resolved "https://registry.yarnpkg.com/@esbuild/freebsd-x64/-/freebsd-x64-0.21.5.tgz#aa615cfc80af954d3458906e38ca22c18cf5c261"
  integrity sha512-J95kNBj1zkbMXtHVH29bBriQygMXqoVQOQYA+ISs0/2l3T9/kj42ow2mpqerRBxDJnmkUDCaQT/dfNXWX/ZZCQ==

"@esbuild/freebsd-x64@0.23.1":
  version "0.23.1"
  resolved "https://registry.yarnpkg.com/@esbuild/freebsd-x64/-/freebsd-x64-0.23.1.tgz#69bd8511fa013b59f0226d1609ac43f7ce489730"
  integrity sha512-lK1eJeyk1ZX8UklqFd/3A60UuZ/6UVfGT2LuGo3Wp4/z7eRTRYY+0xOu2kpClP+vMTi9wKOfXi2vjUpO1Ro76g==

"@esbuild/linux-arm64@0.21.5":
  version "0.21.5"
  resolved "https://registry.yarnpkg.com/@esbuild/linux-arm64/-/linux-arm64-0.21.5.tgz#70ac6fa14f5cb7e1f7f887bcffb680ad09922b5b"
  integrity sha512-ibKvmyYzKsBeX8d8I7MH/TMfWDXBF3db4qM6sy+7re0YXya+K1cem3on9XgdT2EQGMu4hQyZhan7TeQ8XkGp4Q==

"@esbuild/linux-arm64@0.23.1":
  version "0.23.1"
  resolved "https://registry.yarnpkg.com/@esbuild/linux-arm64/-/linux-arm64-0.23.1.tgz#8050af6d51ddb388c75653ef9871f5ccd8f12383"
  integrity sha512-/93bf2yxencYDnItMYV/v116zff6UyTjo4EtEQjUBeGiVpMmffDNUyD9UN2zV+V3LRV3/on4xdZ26NKzn6754g==

"@esbuild/linux-arm@0.21.5":
  version "0.21.5"
  resolved "https://registry.yarnpkg.com/@esbuild/linux-arm/-/linux-arm-0.21.5.tgz#fc6fd11a8aca56c1f6f3894f2bea0479f8f626b9"
  integrity sha512-bPb5AHZtbeNGjCKVZ9UGqGwo8EUu4cLq68E95A53KlxAPRmUyYv2D6F0uUI65XisGOL1hBP5mTronbgo+0bFcA==

"@esbuild/linux-arm@0.23.1":
  version "0.23.1"
  resolved "https://registry.yarnpkg.com/@esbuild/linux-arm/-/linux-arm-0.23.1.tgz#ecaabd1c23b701070484990db9a82f382f99e771"
  integrity sha512-CXXkzgn+dXAPs3WBwE+Kvnrf4WECwBdfjfeYHpMeVxWE0EceB6vhWGShs6wi0IYEqMSIzdOF1XjQ/Mkm5d7ZdQ==

"@esbuild/linux-ia32@0.21.5":
  version "0.21.5"
  resolved "https://registry.yarnpkg.com/@esbuild/linux-ia32/-/linux-ia32-0.21.5.tgz#3271f53b3f93e3d093d518d1649d6d68d346ede2"
  integrity sha512-YvjXDqLRqPDl2dvRODYmmhz4rPeVKYvppfGYKSNGdyZkA01046pLWyRKKI3ax8fbJoK5QbxblURkwK/MWY18Tg==

"@esbuild/linux-ia32@0.23.1":
  version "0.23.1"
  resolved "https://registry.yarnpkg.com/@esbuild/linux-ia32/-/linux-ia32-0.23.1.tgz#3ed2273214178109741c09bd0687098a0243b333"
  integrity sha512-VTN4EuOHwXEkXzX5nTvVY4s7E/Krz7COC8xkftbbKRYAl96vPiUssGkeMELQMOnLOJ8k3BY1+ZY52tttZnHcXQ==

"@esbuild/linux-loong64@0.21.5":
  version "0.21.5"
  resolved "https://registry.yarnpkg.com/@esbuild/linux-loong64/-/linux-loong64-0.21.5.tgz#ed62e04238c57026aea831c5a130b73c0f9f26df"
  integrity sha512-uHf1BmMG8qEvzdrzAqg2SIG/02+4/DHB6a9Kbya0XDvwDEKCoC8ZRWI5JJvNdUjtciBGFQ5PuBlpEOXQj+JQSg==

"@esbuild/linux-loong64@0.23.1":
  version "0.23.1"
  resolved "https://registry.yarnpkg.com/@esbuild/linux-loong64/-/linux-loong64-0.23.1.tgz#a0fdf440b5485c81b0fbb316b08933d217f5d3ac"
  integrity sha512-Vx09LzEoBa5zDnieH8LSMRToj7ir/Jeq0Gu6qJ/1GcBq9GkfoEAoXvLiW1U9J1qE/Y/Oyaq33w5p2ZWrNNHNEw==

"@esbuild/linux-mips64el@0.21.5":
  version "0.21.5"
  resolved "https://registry.yarnpkg.com/@esbuild/linux-mips64el/-/linux-mips64el-0.21.5.tgz#e79b8eb48bf3b106fadec1ac8240fb97b4e64cbe"
  integrity sha512-IajOmO+KJK23bj52dFSNCMsz1QP1DqM6cwLUv3W1QwyxkyIWecfafnI555fvSGqEKwjMXVLokcV5ygHW5b3Jbg==

"@esbuild/linux-mips64el@0.23.1":
  version "0.23.1"
  resolved "https://registry.yarnpkg.com/@esbuild/linux-mips64el/-/linux-mips64el-0.23.1.tgz#e11a2806346db8375b18f5e104c5a9d4e81807f6"
  integrity sha512-nrFzzMQ7W4WRLNUOU5dlWAqa6yVeI0P78WKGUo7lg2HShq/yx+UYkeNSE0SSfSure0SqgnsxPvmAUu/vu0E+3Q==

"@esbuild/linux-ppc64@0.21.5":
  version "0.21.5"
  resolved "https://registry.yarnpkg.com/@esbuild/linux-ppc64/-/linux-ppc64-0.21.5.tgz#5f2203860a143b9919d383ef7573521fb154c3e4"
  integrity sha512-1hHV/Z4OEfMwpLO8rp7CvlhBDnjsC3CttJXIhBi+5Aj5r+MBvy4egg7wCbe//hSsT+RvDAG7s81tAvpL2XAE4w==

"@esbuild/linux-ppc64@0.23.1":
  version "0.23.1"
  resolved "https://registry.yarnpkg.com/@esbuild/linux-ppc64/-/linux-ppc64-0.23.1.tgz#06a2744c5eaf562b1a90937855b4d6cf7c75ec96"
  integrity sha512-dKN8fgVqd0vUIjxuJI6P/9SSSe/mB9rvA98CSH2sJnlZ/OCZWO1DJvxj8jvKTfYUdGfcq2dDxoKaC6bHuTlgcw==

"@esbuild/linux-riscv64@0.21.5":
  version "0.21.5"
  resolved "https://registry.yarnpkg.com/@esbuild/linux-riscv64/-/linux-riscv64-0.21.5.tgz#07bcafd99322d5af62f618cb9e6a9b7f4bb825dc"
  integrity sha512-2HdXDMd9GMgTGrPWnJzP2ALSokE/0O5HhTUvWIbD3YdjME8JwvSCnNGBnTThKGEB91OZhzrJ4qIIxk/SBmyDDA==

"@esbuild/linux-riscv64@0.23.1":
  version "0.23.1"
  resolved "https://registry.yarnpkg.com/@esbuild/linux-riscv64/-/linux-riscv64-0.23.1.tgz#65b46a2892fc0d1af4ba342af3fe0fa4a8fe08e7"
  integrity sha512-5AV4Pzp80fhHL83JM6LoA6pTQVWgB1HovMBsLQ9OZWLDqVY8MVobBXNSmAJi//Csh6tcY7e7Lny2Hg1tElMjIA==

"@esbuild/linux-s390x@0.21.5":
  version "0.21.5"
  resolved "https://registry.yarnpkg.com/@esbuild/linux-s390x/-/linux-s390x-0.21.5.tgz#b7ccf686751d6a3e44b8627ababc8be3ef62d8de"
  integrity sha512-zus5sxzqBJD3eXxwvjN1yQkRepANgxE9lgOW2qLnmr8ikMTphkjgXu1HR01K4FJg8h1kEEDAqDcZQtbrRnB41A==

"@esbuild/linux-s390x@0.23.1":
  version "0.23.1"
  resolved "https://registry.yarnpkg.com/@esbuild/linux-s390x/-/linux-s390x-0.23.1.tgz#e71ea18c70c3f604e241d16e4e5ab193a9785d6f"
  integrity sha512-9ygs73tuFCe6f6m/Tb+9LtYxWR4c9yg7zjt2cYkjDbDpV/xVn+68cQxMXCjUpYwEkze2RcU/rMnfIXNRFmSoDw==

"@esbuild/linux-x64@0.21.5":
  version "0.21.5"
  resolved "https://registry.yarnpkg.com/@esbuild/linux-x64/-/linux-x64-0.21.5.tgz#6d8f0c768e070e64309af8004bb94e68ab2bb3b0"
  integrity sha512-1rYdTpyv03iycF1+BhzrzQJCdOuAOtaqHTWJZCWvijKD2N5Xu0TtVC8/+1faWqcP9iBCWOmjmhoH94dH82BxPQ==

"@esbuild/linux-x64@0.23.1":
  version "0.23.1"
  resolved "https://registry.yarnpkg.com/@esbuild/linux-x64/-/linux-x64-0.23.1.tgz#d47f97391e80690d4dfe811a2e7d6927ad9eed24"
  integrity sha512-EV6+ovTsEXCPAp58g2dD68LxoP/wK5pRvgy0J/HxPGB009omFPv3Yet0HiaqvrIrgPTBuC6wCH1LTOY91EO5hQ==

"@esbuild/netbsd-x64@0.21.5":
  version "0.21.5"
  resolved "https://registry.yarnpkg.com/@esbuild/netbsd-x64/-/netbsd-x64-0.21.5.tgz#bbe430f60d378ecb88decb219c602667387a6047"
  integrity sha512-Woi2MXzXjMULccIwMnLciyZH4nCIMpWQAs049KEeMvOcNADVxo0UBIQPfSmxB3CWKedngg7sWZdLvLczpe0tLg==

"@esbuild/netbsd-x64@0.23.1":
  version "0.23.1"
  resolved "https://registry.yarnpkg.com/@esbuild/netbsd-x64/-/netbsd-x64-0.23.1.tgz#44e743c9778d57a8ace4b72f3c6b839a3b74a653"
  integrity sha512-aevEkCNu7KlPRpYLjwmdcuNz6bDFiE7Z8XC4CPqExjTvrHugh28QzUXVOZtiYghciKUacNktqxdpymplil1beA==

"@esbuild/openbsd-arm64@0.23.1":
  version "0.23.1"
  resolved "https://registry.yarnpkg.com/@esbuild/openbsd-arm64/-/openbsd-arm64-0.23.1.tgz#05c5a1faf67b9881834758c69f3e51b7dee015d7"
  integrity sha512-3x37szhLexNA4bXhLrCC/LImN/YtWis6WXr1VESlfVtVeoFJBRINPJ3f0a/6LV8zpikqoUg4hyXw0sFBt5Cr+Q==

"@esbuild/openbsd-x64@0.21.5":
  version "0.21.5"
  resolved "https://registry.yarnpkg.com/@esbuild/openbsd-x64/-/openbsd-x64-0.21.5.tgz#99d1cf2937279560d2104821f5ccce220cb2af70"
  integrity sha512-HLNNw99xsvx12lFBUwoT8EVCsSvRNDVxNpjZ7bPn947b8gJPzeHWyNVhFsaerc0n3TsbOINvRP2byTZ5LKezow==

"@esbuild/openbsd-x64@0.23.1":
  version "0.23.1"
  resolved "https://registry.yarnpkg.com/@esbuild/openbsd-x64/-/openbsd-x64-0.23.1.tgz#2e58ae511bacf67d19f9f2dcd9e8c5a93f00c273"
  integrity sha512-aY2gMmKmPhxfU+0EdnN+XNtGbjfQgwZj43k8G3fyrDM/UdZww6xrWxmDkuz2eCZchqVeABjV5BpildOrUbBTqA==

"@esbuild/sunos-x64@0.21.5":
  version "0.21.5"
  resolved "https://registry.yarnpkg.com/@esbuild/sunos-x64/-/sunos-x64-0.21.5.tgz#08741512c10d529566baba837b4fe052c8f3487b"
  integrity sha512-6+gjmFpfy0BHU5Tpptkuh8+uw3mnrvgs+dSPQXQOv3ekbordwnzTVEb4qnIvQcYXq6gzkyTnoZ9dZG+D4garKg==

"@esbuild/sunos-x64@0.23.1":
  version "0.23.1"
  resolved "https://registry.yarnpkg.com/@esbuild/sunos-x64/-/sunos-x64-0.23.1.tgz#adb022b959d18d3389ac70769cef5a03d3abd403"
  integrity sha512-RBRT2gqEl0IKQABT4XTj78tpk9v7ehp+mazn2HbUeZl1YMdaGAQqhapjGTCe7uw7y0frDi4gS0uHzhvpFuI1sA==

"@esbuild/win32-arm64@0.21.5":
  version "0.21.5"
  resolved "https://registry.yarnpkg.com/@esbuild/win32-arm64/-/win32-arm64-0.21.5.tgz#675b7385398411240735016144ab2e99a60fc75d"
  integrity sha512-Z0gOTd75VvXqyq7nsl93zwahcTROgqvuAcYDUr+vOv8uHhNSKROyU961kgtCD1e95IqPKSQKH7tBTslnS3tA8A==

"@esbuild/win32-arm64@0.23.1":
  version "0.23.1"
  resolved "https://registry.yarnpkg.com/@esbuild/win32-arm64/-/win32-arm64-0.23.1.tgz#84906f50c212b72ec360f48461d43202f4c8b9a2"
  integrity sha512-4O+gPR5rEBe2FpKOVyiJ7wNDPA8nGzDuJ6gN4okSA1gEOYZ67N8JPk58tkWtdtPeLz7lBnY6I5L3jdsr3S+A6A==

"@esbuild/win32-ia32@0.21.5":
  version "0.21.5"
  resolved "https://registry.yarnpkg.com/@esbuild/win32-ia32/-/win32-ia32-0.21.5.tgz#1bfc3ce98aa6ca9a0969e4d2af72144c59c1193b"
  integrity sha512-SWXFF1CL2RVNMaVs+BBClwtfZSvDgtL//G/smwAc5oVK/UPu2Gu9tIaRgFmYFFKrmg3SyAjSrElf0TiJ1v8fYA==

"@esbuild/win32-ia32@0.23.1":
  version "0.23.1"
  resolved "https://registry.yarnpkg.com/@esbuild/win32-ia32/-/win32-ia32-0.23.1.tgz#5e3eacc515820ff729e90d0cb463183128e82fac"
  integrity sha512-BcaL0Vn6QwCwre3Y717nVHZbAa4UBEigzFm6VdsVdT/MbZ38xoj1X9HPkZhbmaBGUD1W8vxAfffbDe8bA6AKnQ==

"@esbuild/win32-x64@0.21.5":
  version "0.21.5"
  resolved "https://registry.yarnpkg.com/@esbuild/win32-x64/-/win32-x64-0.21.5.tgz#acad351d582d157bb145535db2a6ff53dd514b5c"
  integrity sha512-tQd/1efJuzPC6rCFwEvLtci/xNFcTZknmXs98FYDfGE4wP9ClFV98nyKrzJKVPMhdDnjzLhdUyMX4PsQAPjwIw==

"@esbuild/win32-x64@0.23.1":
  version "0.23.1"
  resolved "https://registry.yarnpkg.com/@esbuild/win32-x64/-/win32-x64-0.23.1.tgz#81fd50d11e2c32b2d6241470e3185b70c7b30699"
  integrity sha512-BHpFFeslkWrXWyUPnbKm+xYYVYruCinGcftSBaa8zoF9hZO4BcSCFUvHVTtzpIY6YzUnYtuEhZ+C9iEXjxnasg==

"@hono/node-server@^1.13.0":
  version "1.13.0"
  resolved "https://registry.yarnpkg.com/@hono/node-server/-/node-server-1.13.0.tgz#c7456bdd5a5b21f0ad759f46ba5a1cc3f8411d5e"
  integrity sha512-kz323qIQkNQElEGroo/E9MKPDuIR5pkuk/XEWd50K+cSEKdmdiYx0PKWUdaNY2ecJYngtF+njDMsMKplL6zfEg==

"@rollup/rollup-android-arm-eabi@4.21.3":
  version "4.21.3"
  resolved "https://registry.yarnpkg.com/@rollup/rollup-android-arm-eabi/-/rollup-android-arm-eabi-4.21.3.tgz#155c7d82c1b36c3ad84d9adf9b3cd520cba81a0f"
  integrity sha512-MmKSfaB9GX+zXl6E8z4koOr/xU63AMVleLEa64v7R0QF/ZloMs5vcD1sHgM64GXXS1csaJutG+ddtzcueI/BLg==

"@rollup/rollup-android-arm64@4.21.3":
  version "4.21.3"
  resolved "https://registry.yarnpkg.com/@rollup/rollup-android-arm64/-/rollup-android-arm64-4.21.3.tgz#b94b6fa002bd94a9cbd8f9e47e23b25e5bd113ba"
  integrity sha512-zrt8ecH07PE3sB4jPOggweBjJMzI1JG5xI2DIsUbkA+7K+Gkjys6eV7i9pOenNSDJH3eOr/jLb/PzqtmdwDq5g==

"@rollup/rollup-darwin-arm64@4.21.3":
  version "4.21.3"
  resolved "https://registry.yarnpkg.com/@rollup/rollup-darwin-arm64/-/rollup-darwin-arm64-4.21.3.tgz#0934126cf9cbeadfe0eb7471ab5d1517e8cd8dcc"
  integrity sha512-P0UxIOrKNBFTQaXTxOH4RxuEBVCgEA5UTNV6Yz7z9QHnUJ7eLX9reOd/NYMO3+XZO2cco19mXTxDMXxit4R/eQ==

"@rollup/rollup-darwin-x64@4.21.3":
  version "4.21.3"
  resolved "https://registry.yarnpkg.com/@rollup/rollup-darwin-x64/-/rollup-darwin-x64-4.21.3.tgz#0ce8e1e0f349778938c7c90e4bdc730640e0a13e"
  integrity sha512-L1M0vKGO5ASKntqtsFEjTq/fD91vAqnzeaF6sfNAy55aD+Hi2pBI5DKwCO+UNDQHWsDViJLqshxOahXyLSh3EA==

"@rollup/rollup-linux-arm-gnueabihf@4.21.3":
  version "4.21.3"
  resolved "https://registry.yarnpkg.com/@rollup/rollup-linux-arm-gnueabihf/-/rollup-linux-arm-gnueabihf-4.21.3.tgz#5669d34775ad5d71e4f29ade99d0ff4df523afb6"
  integrity sha512-btVgIsCjuYFKUjopPoWiDqmoUXQDiW2A4C3Mtmp5vACm7/GnyuprqIDPNczeyR5W8rTXEbkmrJux7cJmD99D2g==

"@rollup/rollup-linux-arm-musleabihf@4.21.3":
  version "4.21.3"
  resolved "https://registry.yarnpkg.com/@rollup/rollup-linux-arm-musleabihf/-/rollup-linux-arm-musleabihf-4.21.3.tgz#f6d1a0e1da4061370cb2f4244fbdd727c806dd88"
  integrity sha512-zmjbSphplZlau6ZTkxd3+NMtE4UKVy7U4aVFMmHcgO5CUbw17ZP6QCgyxhzGaU/wFFdTfiojjbLG3/0p9HhAqA==

"@rollup/rollup-linux-arm64-gnu@4.21.3":
  version "4.21.3"
  resolved "https://registry.yarnpkg.com/@rollup/rollup-linux-arm64-gnu/-/rollup-linux-arm64-gnu-4.21.3.tgz#ed96a05e99743dee4d23cc4913fc6e01a0089c88"
  integrity sha512-nSZfcZtAnQPRZmUkUQwZq2OjQciR6tEoJaZVFvLHsj0MF6QhNMg0fQ6mUOsiCUpTqxTx0/O6gX0V/nYc7LrgPw==

"@rollup/rollup-linux-arm64-musl@4.21.3":
  version "4.21.3"
  resolved "https://registry.yarnpkg.com/@rollup/rollup-linux-arm64-musl/-/rollup-linux-arm64-musl-4.21.3.tgz#057ea26eaa7e537a06ded617d23d57eab3cecb58"
  integrity sha512-MnvSPGO8KJXIMGlQDYfvYS3IosFN2rKsvxRpPO2l2cum+Z3exiExLwVU+GExL96pn8IP+GdH8Tz70EpBhO0sIQ==

"@rollup/rollup-linux-powerpc64le-gnu@4.21.3":
  version "4.21.3"
  resolved "https://registry.yarnpkg.com/@rollup/rollup-linux-powerpc64le-gnu/-/rollup-linux-powerpc64le-gnu-4.21.3.tgz#6e6e1f9404c9bf3fbd7d51cd11cd288a9a2843aa"
  integrity sha512-+W+p/9QNDr2vE2AXU0qIy0qQE75E8RTwTwgqS2G5CRQ11vzq0tbnfBd6brWhS9bCRjAjepJe2fvvkvS3dno+iw==

"@rollup/rollup-linux-riscv64-gnu@4.21.3":
  version "4.21.3"
  resolved "https://registry.yarnpkg.com/@rollup/rollup-linux-riscv64-gnu/-/rollup-linux-riscv64-gnu-4.21.3.tgz#eef1536a53f6e6658a2a778130e6b1a4a41cb439"
  integrity sha512-yXH6K6KfqGXaxHrtr+Uoy+JpNlUlI46BKVyonGiaD74ravdnF9BUNC+vV+SIuB96hUMGShhKV693rF9QDfO6nQ==

"@rollup/rollup-linux-s390x-gnu@4.21.3":
  version "4.21.3"
  resolved "https://registry.yarnpkg.com/@rollup/rollup-linux-s390x-gnu/-/rollup-linux-s390x-gnu-4.21.3.tgz#2b28fb89ca084efaf8086f435025d96b4a966957"
  integrity sha512-R8cwY9wcnApN/KDYWTH4gV/ypvy9yZUHlbJvfaiXSB48JO3KpwSpjOGqO4jnGkLDSk1hgjYkTbTt6Q7uvPf8eg==

"@rollup/rollup-linux-x64-gnu@4.21.3":
  version "4.21.3"
  resolved "https://registry.yarnpkg.com/@rollup/rollup-linux-x64-gnu/-/rollup-linux-x64-gnu-4.21.3.tgz#5226cde6c6b495b04a3392c1d2c572844e42f06b"
  integrity sha512-kZPbX/NOPh0vhS5sI+dR8L1bU2cSO9FgxwM8r7wHzGydzfSjLRCFAT87GR5U9scj2rhzN3JPYVC7NoBbl4FZ0g==

"@rollup/rollup-linux-x64-musl@4.21.3":
  version "4.21.3"
  resolved "https://registry.yarnpkg.com/@rollup/rollup-linux-x64-musl/-/rollup-linux-x64-musl-4.21.3.tgz#2c2412982e6c2a00a2ecac6d548ebb02f0aa6ca4"
  integrity sha512-S0Yq+xA1VEH66uiMNhijsWAafffydd2X5b77eLHfRmfLsRSpbiAWiRHV6DEpz6aOToPsgid7TI9rGd6zB1rhbg==

"@rollup/rollup-win32-arm64-msvc@4.21.3":
  version "4.21.3"
  resolved "https://registry.yarnpkg.com/@rollup/rollup-win32-arm64-msvc/-/rollup-win32-arm64-msvc-4.21.3.tgz#fbb6ef5379199e2ec0103ef32877b0985c773a55"
  integrity sha512-9isNzeL34yquCPyerog+IMCNxKR8XYmGd0tHSV+OVx0TmE0aJOo9uw4fZfUuk2qxobP5sug6vNdZR6u7Mw7Q+Q==

"@rollup/rollup-win32-ia32-msvc@4.21.3":
  version "4.21.3"
  resolved "https://registry.yarnpkg.com/@rollup/rollup-win32-ia32-msvc/-/rollup-win32-ia32-msvc-4.21.3.tgz#d50e2082e147e24d87fe34abbf6246525ec3845a"
  integrity sha512-nMIdKnfZfzn1Vsk+RuOvl43ONTZXoAPUUxgcU0tXooqg4YrAqzfKzVenqqk2g5efWh46/D28cKFrOzDSW28gTA==

"@rollup/rollup-win32-x64-msvc@4.21.3":
  version "4.21.3"
  resolved "https://registry.yarnpkg.com/@rollup/rollup-win32-x64-msvc/-/rollup-win32-x64-msvc-4.21.3.tgz#4115233aa1bd5a2060214f96d8511f6247093212"
  integrity sha512-fOvu7PCQjAj4eWDEuD8Xz5gpzFqXzGlxHZozHP4b9Jxv9APtdxL6STqztDzMLuRXEc4UpXGGhx029Xgm91QBeA==

"@tweenjs/tween.js@~23.1.3":
  version "23.1.3"
  resolved "https://registry.yarnpkg.com/@tweenjs/tween.js/-/tween.js-23.1.3.tgz#eff0245735c04a928bb19c026b58c2a56460539d"
  integrity sha512-vJmvvwFxYuGnF2axRtPYocag6Clbb5YS7kLL+SO/TeVFzHqDIWrNKYtcsPMibjDx9O+bu+psAy9NKfWklassUA==

"@types/animejs@^3.1.12":
  version "3.1.12"
  resolved "https://registry.yarnpkg.com/@types/animejs/-/animejs-3.1.12.tgz#78fcc3df03ac07cbaef50fd37512e5031826dc42"
  integrity sha512-fpdH+ZtlO0kqjTOqRaBdsEmvpRNOayI8k4EVkEtitL5l6wducDOXk0rgQgfZqWf/ZX9DzXrHf257S5i9xTcISQ==

"@types/estree@1.0.5":
  version "1.0.5"
  resolved "https://registry.yarnpkg.com/@types/estree/-/estree-1.0.5.tgz#a6ce3e556e00fd9895dd872dd172ad0d4bd687f4"
  integrity sha512-/kYRxGDLWzHOB7q+wtSUQlFrtcdUccpfy+X+9iMBpHK8QLLhx2wIPYuS5DYtR9Wa/YlZAbIovy7qVdB1Aq6Lyw==

"@types/node@^20.11.17":
  version "20.16.5"
  resolved "https://registry.yarnpkg.com/@types/node/-/node-20.16.5.tgz#d43c7f973b32ffdf9aa7bd4f80e1072310fd7a53"
  integrity sha512-VwYCweNo3ERajwy0IUlqqcyZ8/A7Zwa9ZP3MnENWcB11AejO+tLy3pu850goUW2FC/IJMdZUfKpX/yxL1gymCA==
  dependencies:
    undici-types "~6.19.2"

"@types/stats.js@*":
  version "0.17.3"
  resolved "https://registry.yarnpkg.com/@types/stats.js/-/stats.js-0.17.3.tgz#705446e12ce0fad618557dd88236f51148b7a935"
  integrity sha512-pXNfAD3KHOdif9EQXZ9deK82HVNaXP5ZIF5RP2QG6OQFNTaY2YIetfrE9t528vEreGQvEPRDDc8muaoYeK0SxQ==

"@types/three@^0.168.0":
  version "0.168.0"
  resolved "https://registry.yarnpkg.com/@types/three/-/three-0.168.0.tgz#510420c4bbee7937bbbcdfbc5dc31160771eaef8"
  integrity sha512-qAGLGzbaYgkkonOBfwOr+TZpOskPfFjrDAj801WQSVkUz0/D9zwir4vhruJ/CC/GteywzR9pqeVVfs5th/2oKw==
  dependencies:
    "@tweenjs/tween.js" "~23.1.3"
    "@types/stats.js" "*"
    "@types/webxr" "*"
    "@webgpu/types" "*"
    fflate "~0.8.2"
    meshoptimizer "~0.18.1"

"@types/webxr@*":
  version "0.5.20"
  resolved "https://registry.yarnpkg.com/@types/webxr/-/webxr-0.5.20.tgz#b16b681af314ec011b2e8221b0a072d691c04953"
  integrity sha512-JGpU6qiIJQKUuVSKx1GtQnHJGxRjtfGIhzO2ilq43VZZS//f1h1Sgexbdk+Lq+7569a6EYhOWrUpIruR/1Enmg==

"@webgpu/types@*":
  version "0.1.45"
  resolved "https://registry.yarnpkg.com/@webgpu/types/-/types-0.1.45.tgz#a31146be1e36b2c9826c048b3cfafe519cc21945"
  integrity sha512-0TBBF/mhakJoK0qUWCZugBnh23x+VwmYA5RLmtNQwvZt1pQ4P2fzIvQUiSe6jxzkBi4GF8R4BejJjro0ZSoSXQ==

animejs@^3.2.2:
  version "3.2.2"
  resolved "https://registry.yarnpkg.com/animejs/-/animejs-3.2.2.tgz#59be98c58834339d5847f4a70ddba74ac75b6afc"
  integrity sha512-Ao95qWLpDPXXM+WrmwcKbl6uNlC5tjnowlaRYtuVDHHoygjtIPfDUoK9NthrlZsQSKjZXlmji2TrBUAVbiH0LQ==

esbuild@^0.21.3:
  version "0.21.5"
  resolved "https://registry.yarnpkg.com/esbuild/-/esbuild-0.21.5.tgz#9ca301b120922959b766360d8ac830da0d02997d"
  integrity sha512-mg3OPMV4hXywwpoDxu3Qda5xCKQi+vCTZq8S9J/EpkhB2HzKXq4SNFZE3+NK93JYxc8VMSep+lOUSC/RVKaBqw==
  optionalDependencies:
    "@esbuild/aix-ppc64" "0.21.5"
    "@esbuild/android-arm" "0.21.5"
    "@esbuild/android-arm64" "0.21.5"
    "@esbuild/android-x64" "0.21.5"
    "@esbuild/darwin-arm64" "0.21.5"
    "@esbuild/darwin-x64" "0.21.5"
    "@esbuild/freebsd-arm64" "0.21.5"
    "@esbuild/freebsd-x64" "0.21.5"
    "@esbuild/linux-arm" "0.21.5"
    "@esbuild/linux-arm64" "0.21.5"
    "@esbuild/linux-ia32" "0.21.5"
    "@esbuild/linux-loong64" "0.21.5"
    "@esbuild/linux-mips64el" "0.21.5"
    "@esbuild/linux-ppc64" "0.21.5"
    "@esbuild/linux-riscv64" "0.21.5"
    "@esbuild/linux-s390x" "0.21.5"
    "@esbuild/linux-x64" "0.21.5"
    "@esbuild/netbsd-x64" "0.21.5"
    "@esbuild/openbsd-x64" "0.21.5"
    "@esbuild/sunos-x64" "0.21.5"
    "@esbuild/win32-arm64" "0.21.5"
    "@esbuild/win32-ia32" "0.21.5"
    "@esbuild/win32-x64" "0.21.5"

esbuild@~0.23.0:
  version "0.23.1"
  resolved "https://registry.yarnpkg.com/esbuild/-/esbuild-0.23.1.tgz#40fdc3f9265ec0beae6f59824ade1bd3d3d2dab8"
  integrity sha512-VVNz/9Sa0bs5SELtn3f7qhJCDPCF5oMEl5cO9/SSinpE9hbPVvxbd572HH5AKiP7WD8INO53GgfDDhRjkylHEg==
  optionalDependencies:
    "@esbuild/aix-ppc64" "0.23.1"
    "@esbuild/android-arm" "0.23.1"
    "@esbuild/android-arm64" "0.23.1"
    "@esbuild/android-x64" "0.23.1"
    "@esbuild/darwin-arm64" "0.23.1"
    "@esbuild/darwin-x64" "0.23.1"
    "@esbuild/freebsd-arm64" "0.23.1"
    "@esbuild/freebsd-x64" "0.23.1"
    "@esbuild/linux-arm" "0.23.1"
    "@esbuild/linux-arm64" "0.23.1"
    "@esbuild/linux-ia32" "0.23.1"
    "@esbuild/linux-loong64" "0.23.1"
    "@esbuild/linux-mips64el" "0.23.1"
    "@esbuild/linux-ppc64" "0.23.1"
    "@esbuild/linux-riscv64" "0.23.1"
    "@esbuild/linux-s390x" "0.23.1"
    "@esbuild/linux-x64" "0.23.1"
    "@esbuild/netbsd-x64" "0.23.1"
    "@esbuild/openbsd-arm64" "0.23.1"
    "@esbuild/openbsd-x64" "0.23.1"
    "@esbuild/sunos-x64" "0.23.1"
    "@esbuild/win32-arm64" "0.23.1"
    "@esbuild/win32-ia32" "0.23.1"
    "@esbuild/win32-x64" "0.23.1"

fflate@~0.8.2:
  version "0.8.2"
  resolved "https://registry.yarnpkg.com/fflate/-/fflate-0.8.2.tgz#fc8631f5347812ad6028bbe4a2308b2792aa1dea"
  integrity sha512-cPJU47OaAoCbg0pBvzsgpTPhmhqI5eJjh/JIu8tPj5q+T7iLvW/JAYUqmE7KOB4R1ZyEhzBaIQpQpardBF5z8A==

fsevents@~2.3.2, fsevents@~2.3.3:
  version "2.3.3"
  resolved "https://registry.yarnpkg.com/fsevents/-/fsevents-2.3.3.tgz#cac6407785d03675a2a5e1a5305c697b347d90d6"
  integrity sha512-5xoDfX+fL7faATnagmWPpbFtwh/R77WmMMqqHGS65C3vvB0YHrgF+B1YmZ3441tMj5n63k0212XNoJwzlhffQw==

get-tsconfig@^4.7.5:
  version "4.8.1"
  resolved "https://registry.yarnpkg.com/get-tsconfig/-/get-tsconfig-4.8.1.tgz#8995eb391ae6e1638d251118c7b56de7eb425471"
  integrity sha512-k9PN+cFBmaLWtVz29SkUoqU5O0slLuHJXt/2P+tMVFT+phsSGXGkp9t3rQIqdz0e+06EHNGs3oM6ZX1s2zHxRg==
  dependencies:
    resolve-pkg-maps "^1.0.0"

hono@^4.6.1:
  version "4.6.1"
  resolved "https://registry.yarnpkg.com/hono/-/hono-4.6.1.tgz#6ba0d01e7c5614fee4d6776f6c3aeb8ec88ee16f"
  integrity sha512-6NGwvttY1+HAFii08VYiEKI6ETPAFbpLntpm2M/MogEsAFWdZV74UNT+2M4bmqX90cIQhjlpBSP+tO+CfB0uww==

meshoptimizer@~0.18.1:
  version "0.18.1"
  resolved "https://registry.yarnpkg.com/meshoptimizer/-/meshoptimizer-0.18.1.tgz#cdb90907f30a7b5b1190facd3b7ee6b7087797d8"
  integrity sha512-ZhoIoL7TNV4s5B6+rx5mC//fw8/POGyNxS/DZyCJeiZ12ScLfVwRE/GfsxwiTkMYYD5DmK2/JXnEVXqL4rF+Sw==

nanoid@^3.3.7:
  version "3.3.7"
  resolved "https://registry.yarnpkg.com/nanoid/-/nanoid-3.3.7.tgz#d0c301a691bc8d54efa0a2226ccf3fe2fd656bd8"
  integrity sha512-eSRppjcPIatRIMC1U6UngP8XFcz8MQWGQdt1MTBQ7NaAmvXDfvNxbvWV3x2y6CdEUciCSsDHDQZbhYaB8QEo2g==

picocolors@^1.1.0:
  version "1.1.0"
  resolved "https://registry.yarnpkg.com/picocolors/-/picocolors-1.1.0.tgz#5358b76a78cde483ba5cef6a9dc9671440b27d59"
  integrity sha512-TQ92mBOW0l3LeMeyLV6mzy/kWr8lkd/hp3mTg7wYK7zJhuBStmGMBG0BdeDZS/dZx1IukaX6Bk11zcln25o1Aw==

postcss@^8.4.43:
  version "8.4.47"
  resolved "https://registry.yarnpkg.com/postcss/-/postcss-8.4.47.tgz#5bf6c9a010f3e724c503bf03ef7947dcb0fea365"
  integrity sha512-56rxCq7G/XfB4EkXq9Egn5GCqugWvDFjafDOThIdMBsI15iqPqR5r15TfSr1YPYeEI19YeaXMCbY6u88Y76GLQ==
  dependencies:
    nanoid "^3.3.7"
    picocolors "^1.1.0"
    source-map-js "^1.2.1"

resolve-pkg-maps@^1.0.0:
  version "1.0.0"
  resolved "https://registry.yarnpkg.com/resolve-pkg-maps/-/resolve-pkg-maps-1.0.0.tgz#616b3dc2c57056b5588c31cdf4b3d64db133720f"
  integrity sha512-seS2Tj26TBVOC2NIc2rOe2y2ZO7efxITtLZcGSOnHHNOQ7CkiUBfw0Iw2ck6xkIhPwLhKNLS8BO+hEpngQlqzw==

rollup@^4.20.0:
  version "4.21.3"
  resolved "https://registry.yarnpkg.com/rollup/-/rollup-4.21.3.tgz#c64ba119e6aeb913798a6f7eef2780a0df5a0821"
  integrity sha512-7sqRtBNnEbcBtMeRVc6VRsJMmpI+JU1z9VTvW8D4gXIYQFz0aLcsE6rRkyghZkLfEgUZgVvOG7A5CVz/VW5GIA==
  dependencies:
    "@types/estree" "1.0.5"
  optionalDependencies:
    "@rollup/rollup-android-arm-eabi" "4.21.3"
    "@rollup/rollup-android-arm64" "4.21.3"
    "@rollup/rollup-darwin-arm64" "4.21.3"
    "@rollup/rollup-darwin-x64" "4.21.3"
    "@rollup/rollup-linux-arm-gnueabihf" "4.21.3"
    "@rollup/rollup-linux-arm-musleabihf" "4.21.3"
    "@rollup/rollup-linux-arm64-gnu" "4.21.3"
    "@rollup/rollup-linux-arm64-musl" "4.21.3"
    "@rollup/rollup-linux-powerpc64le-gnu" "4.21.3"
    "@rollup/rollup-linux-riscv64-gnu" "4.21.3"
    "@rollup/rollup-linux-s390x-gnu" "4.21.3"
    "@rollup/rollup-linux-x64-gnu" "4.21.3"
    "@rollup/rollup-linux-x64-musl" "4.21.3"
    "@rollup/rollup-win32-arm64-msvc" "4.21.3"
    "@rollup/rollup-win32-ia32-msvc" "4.21.3"
    "@rollup/rollup-win32-x64-msvc" "4.21.3"
    fsevents "~2.3.2"

source-map-js@^1.2.1:
  version "1.2.1"
  resolved "https://registry.yarnpkg.com/source-map-js/-/source-map-js-1.2.1.tgz#1ce5650fddd87abc099eda37dcff024c2667ae46"
  integrity sha512-UXWMKhLOwVKb728IUtQPXxfYU+usdybtUrK/8uGE8CQMvrhOpwvzDBwj0QhSL7MQc7vIsISBG8VQ8+IDQxpfQA==

three@^0.168.0:
  version "0.168.0"
  resolved "https://registry.yarnpkg.com/three/-/three-0.168.0.tgz#3e33101d91e3e9716f5c610ea9a7b3b8423c242d"
  integrity sha512-6m6jXtDwMJEK/GGMbAOTSAmxNdzKvvBzgd7q8bE/7Tr6m7PaBh5kKLrN7faWtlglXbzj7sVba48Idwx+NRsZXw==

tsx@^4.7.1:
  version "4.19.1"
  resolved "https://registry.yarnpkg.com/tsx/-/tsx-4.19.1.tgz#b7bffdf4b565813e4dea14b90872af279cd0090b"
  integrity sha512-0flMz1lh74BR4wOvBjuh9olbnwqCPc35OOlfyzHba0Dc+QNUeWX/Gq2YTbnwcWPO3BMd8fkzRVrHcsR+a7z7rA==
  dependencies:
    esbuild "~0.23.0"
    get-tsconfig "^4.7.5"
  optionalDependencies:
    fsevents "~2.3.3"

typescript@^5.5.3:
  version "5.6.2"
  resolved "https://registry.yarnpkg.com/typescript/-/typescript-5.6.2.tgz#d1de67b6bef77c41823f822df8f0b3bcff60a5a0"
  integrity sha512-NW8ByodCSNCwZeghjN3o+JX5OFH0Ojg6sadjEKY4huZ52TqbJTJnDo5+Tw98lSy63NZvi4n+ez5m2u5d4PkZyw==

undici-types@~6.19.2:
  version "6.19.8"
  resolved "https://registry.yarnpkg.com/undici-types/-/undici-types-6.19.8.tgz#35111c9d1437ab83a7cdc0abae2f26d88eda0a02"
  integrity sha512-ve2KP6f/JnbPBFyobGHuerC9g1FYGn/F8n1LWTwNxCEzd6IfqTwUQcNXgEtmmQ6DlRrC1hrSrBnCZPokRrDHjw==

vite@^5.4.1:
  version "5.4.5"
  resolved "https://registry.yarnpkg.com/vite/-/vite-5.4.5.tgz#e4ab27709de46ff29bd8db52b0c51606acba893b"
  integrity sha512-pXqR0qtb2bTwLkev4SE3r4abCNioP3GkjvIDLlzziPpXtHgiJIjuKl+1GN6ESOT3wMjG3JTeARopj2SwYaHTOA==
  dependencies:
    esbuild "^0.21.3"
    postcss "^8.4.43"
    rollup "^4.20.0"
  optionalDependencies:
    fsevents "~2.3.3"
